
Microsoft Visual Studio Solution File, Format Version 12.00
# Visual Studio Version 16
VisualStudioVersion = 16.0.31005.135
MinimumVisualStudioVersion = 10.0.40219.1
Project("{FAE04EC0-301F-11D3-BF4B-00C04F79EFBC}") = "IssueTracker", "IssueTracker.csproj", "{F8DA7A66-B4E4-40CE-B1E3-CE14D9A29803}"
EndProject
Global
	GlobalSection(SolutionConfigurationPlatforms) = preSolution
		Debug|Any CPU = Debug|Any CPU
		Release|Any CPU = Release|Any CPU
	EndGlobalSection
	GlobalSection(ProjectConfigurationPlatforms) = postSolution
		{F8DA7A66-B4E4-40CE-B1E3-CE14D9A29803}.Debug|Any CPU.ActiveCfg = Debug|Any CPU
		{F8DA7A66-B4E4-40CE-B1E3-CE14D9A29803}.Debug|Any CPU.Build.0 = Debug|Any CPU
		{F8DA7A66-B4E4-40CE-B1E3-CE14D9A29803}.Release|Any CPU.ActiveCfg = Release|Any CPU
		{F8DA7A66-B4E4-40CE-B1E3-CE14D9A29803}.Release|Any CPU.Build.0 = Release|Any CPU
	EndGlobalSection
	GlobalSection(SolutionProperties) = preSolution
		HideSolutionNode = FALSE
	EndGlobalSection
	GlobalSection(ExtensibilityGlobals) = postSolution
		SolutionGuid = {14014E90-FFE3-4F64-8A33-B0327A6DACBF}
	EndGlobalSection
EndGlobal
